
Microsoft Visual Studio Solution File, Format Version 12.00
# Visual Studio Version 16
VisualStudioVersion = 16.0.29728.190
MinimumVisualStudioVersion = 10.0.40219.1
Project("{8BC9CEB8-8B4A-11D0-8D11-00A0C91BC942}") = "DragonBonesErigon", "DragonBonesErigon\DragonBonesErigon.vcxproj", "{7A05F9AA-8BE3-4B20-AC49-FE11ABA5F2DC}"
EndProject
Global
	GlobalSection(SolutionConfigurationPlatforms) = preSolution
		Debug|x64 = Debug|x64
		Debug|x86 = Debug|x86
		Release|x64 = Release|x64
		Release|x86 = Release|x86
	EndGlobalSection
	GlobalSection(ProjectConfigurationPlatforms) = postSolution
		{7A05F9AA-8BE3-4B20-AC49-FE11ABA5F2DC}.Debug|x64.ActiveCfg = Debug|x64
		{7A05F9AA-8BE3-4B20-AC49-FE11ABA5F2DC}.Debug|x64.Build.0 = Debug|x64
		{7A05F9AA-8BE3-4B20-AC49-FE11ABA5F2DC}.Debug|x86.ActiveCfg = Debug|Win32
		{7A05F9AA-8BE3-4B20-AC49-FE11ABA5F2DC}.Debug|x86.Build.0 = Debug|Win32
		{7A05F9AA-8BE3-4B20-AC49-FE11ABA5F2DC}.Release|x64.ActiveCfg = Release|x64
		{7A05F9AA-8BE3-4B20-AC49-FE11ABA5F2DC}.Release|x64.Build.0 = Release|x64
		{7A05F9AA-8BE3-4B20-AC49-FE11ABA5F2DC}.Release|x86.ActiveCfg = Release|Win32
		{7A05F9AA-8BE3-4B20-AC49-FE11ABA5F2DC}.Release|x86.Build.0 = Release|Win32
	EndGlobalSection
	GlobalSection(SolutionProperties) = preSolution
		HideSolutionNode = FALSE
	EndGlobalSection
	GlobalSection(ExtensibilityGlobals) = postSolution
		SolutionGuid = {157AC4EF-B623-4D03-8585-C14107D4F9F5}
	EndGlobalSection
EndGlobal
