<?xml version="1.0" encoding="utf-8"?>
<Project ToolsVersion="4.0" xmlns="http://schemas.microsoft.com/developer/msbuild/2003">
  <ItemGroup>
    <Filter Include="DragonBones">
      <UniqueIdentifier>{57E362BC-C398-DBB1-4C8D-D588B841D2B5}</UniqueIdentifier>
    </Filter>
    <Filter Include="DragonBones\animation">
      <UniqueIdentifier>{26157FA3-9281-3A9E-5B75-D2FBC7A05C06}</UniqueIdentifier>
    </Filter>
    <Filter Include="DragonBones\armature">
      <UniqueIdentifier>{C73D82BD-B3CC-0B87-5CEB-1F8248591C2D}</UniqueIdentifier>
    </Filter>
    <Filter Include="DragonBones\core">
      <UniqueIdentifier>{2F42241B-1B3B-436D-446D-28F230C52279}</UniqueIdentifier>
    </Filter>
    <Filter Include="DragonBones\event">
      <UniqueIdentifier>{085AD47F-7470-D215-BDE7-5D37293DA39D}</UniqueIdentifier>
    </Filter>
    <Filter Include="DragonBones\factory">
      <UniqueIdentifier>{BEF62FE2-2A58-0DF0-B3C5-53A21F2644AF}</UniqueIdentifier>
    </Filter>
    <Filter Include="DragonBones\geom">
      <UniqueIdentifier>{CE48261B-BA41-456D-E373-2AF2CFCB2479}</UniqueIdentifier>
    </Filter>
    <Filter Include="DragonBones\model">
      <UniqueIdentifier>{F7416180-6358-5F16-ACCF-EA371825309E}</UniqueIdentifier>
    </Filter>
    <Filter Include="DragonBones\parser">
      <UniqueIdentifier>{138C9392-FF6F-54E8-68D0-4E3B54D33E6A}</UniqueIdentifier>
    </Filter>
  </ItemGroup>
  <ItemGroup>
    <ClInclude Include="src\DragonBones\DragonBonesHeaders.h">
      <Filter>DragonBones</Filter>
    </ClInclude>
    <ClInclude Include="src\DragonBones\animation\Animation.h">
      <Filter>DragonBones\animation</Filter>
    </ClInclude>
    <ClInclude Include="src\DragonBones\animation\AnimationState.h">
      <Filter>DragonBones\animation</Filter>
    </ClInclude>
    <ClInclude Include="src\DragonBones\animation\BaseTimelineState.h">
      <Filter>DragonBones\animation</Filter>
    </ClInclude>
    <ClInclude Include="src\DragonBones\animation\IAnimatable.h">
      <Filter>DragonBones\animation</Filter>
    </ClInclude>
    <ClInclude Include="src\DragonBones\animation\TimelineState.h">
      <Filter>DragonBones\animation</Filter>
    </ClInclude>
    <ClInclude Include="src\DragonBones\animation\WorldClock.h">
      <Filter>DragonBones\animation</Filter>
    </ClInclude>
    <ClInclude Include="src\DragonBones\armature\Armature.h">
      <Filter>DragonBones\armature</Filter>
    </ClInclude>
    <ClInclude Include="src\DragonBones\armature\Bone.h">
      <Filter>DragonBones\armature</Filter>
    </ClInclude>
    <ClInclude Include="src\DragonBones\armature\Constraint.h">
      <Filter>DragonBones\armature</Filter>
    </ClInclude>
    <ClInclude Include="src\DragonBones\armature\DeformVertices.h">
      <Filter>DragonBones\armature</Filter>
    </ClInclude>
    <ClInclude Include="src\DragonBones\armature\IArmatureProxy.h">
      <Filter>DragonBones\armature</Filter>
    </ClInclude>
    <ClInclude Include="src\DragonBones\armature\Slot.h">
      <Filter>DragonBones\armature</Filter>
    </ClInclude>
    <ClInclude Include="src\DragonBones\armature\TransformObject.h">
      <Filter>DragonBones\armature</Filter>
    </ClInclude>
    <ClInclude Include="src\DragonBones\core\BaseObject.h">
      <Filter>DragonBones\core</Filter>
    </ClInclude>
    <ClInclude Include="src\DragonBones\core\DragonBones.h">
      <Filter>DragonBones\core</Filter>
    </ClInclude>
    <ClInclude Include="src\DragonBones\event\EventObject.h">
      <Filter>DragonBones\event</Filter>
    </ClInclude>
    <ClInclude Include="src\DragonBones\event\IEventDispatcher.h">
      <Filter>DragonBones\event</Filter>
    </ClInclude>
    <ClInclude Include="src\DragonBones\factory\BaseFactory.h">
      <Filter>DragonBones\factory</Filter>
    </ClInclude>
    <ClInclude Include="src\DragonBones\geom\ColorTransform.h">
      <Filter>DragonBones\geom</Filter>
    </ClInclude>
    <ClInclude Include="src\DragonBones\geom\Matrix.h">
      <Filter>DragonBones\geom</Filter>
    </ClInclude>
    <ClInclude Include="src\DragonBones\geom\Point.h">
      <Filter>DragonBones\geom</Filter>
    </ClInclude>
    <ClInclude Include="src\DragonBones\geom\Rectangle.h">
      <Filter>DragonBones\geom</Filter>
    </ClInclude>
    <ClInclude Include="src\DragonBones\geom\Transform.h">
      <Filter>DragonBones\geom</Filter>
    </ClInclude>
    <ClInclude Include="src\DragonBones\model\AnimationConfig.h">
      <Filter>DragonBones\model</Filter>
    </ClInclude>
    <ClInclude Include="src\DragonBones\model\AnimationData.h">
      <Filter>DragonBones\model</Filter>
    </ClInclude>
    <ClInclude Include="src\DragonBones\model\ArmatureData.h">
      <Filter>DragonBones\model</Filter>
    </ClInclude>
    <ClInclude Include="src\DragonBones\model\BoundingBoxData.h">
      <Filter>DragonBones\model</Filter>
    </ClInclude>
    <ClInclude Include="src\DragonBones\model\CanvasData.h">
      <Filter>DragonBones\model</Filter>
    </ClInclude>
    <ClInclude Include="src\DragonBones\model\ConstraintData.h">
      <Filter>DragonBones\model</Filter>
    </ClInclude>
    <ClInclude Include="src\DragonBones\model\DisplayData.h">
      <Filter>DragonBones\model</Filter>
    </ClInclude>
    <ClInclude Include="src\DragonBones\model\DragonBonesData.h">
      <Filter>DragonBones\model</Filter>
    </ClInclude>
    <ClInclude Include="src\DragonBones\model\SkinData.h">
      <Filter>DragonBones\model</Filter>
    </ClInclude>
    <ClInclude Include="src\DragonBones\model\TextureAtlasData.h">
      <Filter>DragonBones\model</Filter>
    </ClInclude>
    <ClInclude Include="src\DragonBones\model\UserData.h">
      <Filter>DragonBones\model</Filter>
    </ClInclude>
    <ClInclude Include="src\DragonBones\parser\BinaryDataParser.h">
      <Filter>DragonBones\parser</Filter>
    </ClInclude>
    <ClInclude Include="src\DragonBones\parser\DataParser.h">
      <Filter>DragonBones\parser</Filter>
    </ClInclude>
    <ClInclude Include="src\DragonBones\parser\JSONDataParser.h">
      <Filter>DragonBones\parser</Filter>
    </ClInclude>
    <ClInclude Include="src\framework.h" />
  </ItemGroup>
  <ItemGroup>
    <ClCompile Include="src\DragonBones\animation\Animation.cpp">
      <Filter>DragonBones\animation</Filter>
    </ClCompile>
    <ClCompile Include="src\DragonBones\animation\AnimationState.cpp">
      <Filter>DragonBones\animation</Filter>
    </ClCompile>
    <ClCompile Include="src\DragonBones\animation\BaseTimelineState.cpp">
      <Filter>DragonBones\animation</Filter>
    </ClCompile>
    <ClCompile Include="src\DragonBones\animation\TimelineState.cpp">
      <Filter>DragonBones\animation</Filter>
    </ClCompile>
    <ClCompile Include="src\DragonBones\animation\WorldClock.cpp">
      <Filter>DragonBones\animation</Filter>
    </ClCompile>
    <ClCompile Include="src\DragonBones\armature\Armature.cpp">
      <Filter>DragonBones\armature</Filter>
    </ClCompile>
    <ClCompile Include="src\DragonBones\armature\Bone.cpp">
      <Filter>DragonBones\armature</Filter>
    </ClCompile>
    <ClCompile Include="src\DragonBones\armature\Constraint.cpp">
      <Filter>DragonBones\armature</Filter>
    </ClCompile>
    <ClCompile Include="src\DragonBones\armature\DeformVertices.cpp">
      <Filter>DragonBones\armature</Filter>
    </ClCompile>
    <ClCompile Include="src\DragonBones\armature\Slot.cpp">
      <Filter>DragonBones\armature</Filter>
    </ClCompile>
    <ClCompile Include="src\DragonBones\armature\TransformObject.cpp">
      <Filter>DragonBones\armature</Filter>
    </ClCompile>
    <ClCompile Include="src\DragonBones\core\BaseObject.cpp">
      <Filter>DragonBones\core</Filter>
    </ClCompile>
    <ClCompile Include="src\DragonBones\core\DragonBones.cpp">
      <Filter>DragonBones\core</Filter>
    </ClCompile>
    <ClCompile Include="src\DragonBones\event\EventObject.cpp">
      <Filter>DragonBones\event</Filter>
    </ClCompile>
    <ClCompile Include="src\DragonBones\factory\BaseFactory.cpp">
      <Filter>DragonBones\factory</Filter>
    </ClCompile>
    <ClCompile Include="src\DragonBones\geom\Point.cpp">
      <Filter>DragonBones\geom</Filter>
    </ClCompile>
    <ClCompile Include="src\DragonBones\geom\Transform.cpp">
      <Filter>DragonBones\geom</Filter>
    </ClCompile>
    <ClCompile Include="src\DragonBones\model\AnimationConfig.cpp">
      <Filter>DragonBones\model</Filter>
    </ClCompile>
    <ClCompile Include="src\DragonBones\model\AnimationData.cpp">
      <Filter>DragonBones\model</Filter>
    </ClCompile>
    <ClCompile Include="src\DragonBones\model\ArmatureData.cpp">
      <Filter>DragonBones\model</Filter>
    </ClCompile>
    <ClCompile Include="src\DragonBones\model\BoundingBoxData.cpp">
      <Filter>DragonBones\model</Filter>
    </ClCompile>
    <ClCompile Include="src\DragonBones\model\CanvasData.cpp">
      <Filter>DragonBones\model</Filter>
    </ClCompile>
    <ClCompile Include="src\DragonBones\model\ConstraintData.cpp">
      <Filter>DragonBones\model</Filter>
    </ClCompile>
    <ClCompile Include="src\DragonBones\model\DisplayData.cpp">
      <Filter>DragonBones\model</Filter>
    </ClCompile>
    <ClCompile Include="src\DragonBones\model\DragonBonesData.cpp">
      <Filter>DragonBones\model</Filter>
    </ClCompile>
    <ClCompile Include="src\DragonBones\model\SkinData.cpp">
      <Filter>DragonBones\model</Filter>
    </ClCompile>
    <ClCompile Include="src\DragonBones\model\TextureAtlasData.cpp">
      <Filter>DragonBones\model</Filter>
    </ClCompile>
    <ClCompile Include="src\DragonBones\model\UserData.cpp">
      <Filter>DragonBones\model</Filter>
    </ClCompile>
    <ClCompile Include="src\DragonBones\parser\BinaryDataParser.cpp">
      <Filter>DragonBones\parser</Filter>
    </ClCompile>
    <ClCompile Include="src\DragonBones\parser\DataParser.cpp">
      <Filter>DragonBones\parser</Filter>
    </ClCompile>
    <ClCompile Include="src\DragonBones\parser\JSONDataParser.cpp">
      <Filter>DragonBones\parser</Filter>
    </ClCompile>
    <ClCompile Include="src\dllmain.cpp" />
  </ItemGroup>
</Project>